
Microsoft Visual Studio Solution File, Format Version 12.00
# Visual Studio Version 17
VisualStudioVersion = 17.10.35013.160
MinimumVisualStudioVersion = 10.0.40219.1
Project("{FAE04EC0-301F-11D3-BF4B-00C04F79EFBC}") = "SyncBetweenThreeWindow", "SyncBetweenThreeWindow\SyncBetweenThreeWindow.csproj", "{2CD8C273-9245-4B83-9B2A-9925116B2B3E}"
EndProject
Global
	GlobalSection(SolutionConfigurationPlatforms) = preSolution
		Debug|Any CPU = Debug|Any CPU
		Release|Any CPU = Release|Any CPU
	EndGlobalSection
	GlobalSection(ProjectConfigurationPlatforms) = postSolution
		{2CD8C273-9245-4B83-9B2A-9925116B2B3E}.Debug|Any CPU.ActiveCfg = Debug|Any CPU
		{2CD8C273-9245-4B83-9B2A-9925116B2B3E}.Debug|Any CPU.Build.0 = Debug|Any CPU
		{2CD8C273-9245-4B83-9B2A-9925116B2B3E}.Release|Any CPU.ActiveCfg = Release|Any CPU
		{2CD8C273-9245-4B83-9B2A-9925116B2B3E}.Release|Any CPU.Build.0 = Release|Any CPU
	EndGlobalSection
	GlobalSection(SolutionProperties) = preSolution
		HideSolutionNode = FALSE
	EndGlobalSection
	GlobalSection(ExtensibilityGlobals) = postSolution
		SolutionGuid = {F73C9773-C5B6-47B9-B407-A2C87FAEC150}
	EndGlobalSection
EndGlobal
